Microsoft Visual Studio Solution File, Format Version 12.00
# Visual Studio Version 17
VisualStudioVersion = 17.5.2.0
MinimumVisualStudioVersion = 10.0.40219.1
Project("{FAE04EC0-301F-11D3-BF4B-00C04F79EFBC}") = "FinanceManager.WinForms", "FinanceManager.WinForms.csproj", "{50A286D7-0171-A76E-AE39-48D257B34AC8}"
EndProject
Global
	GlobalSection(SolutionConfigurationPlatforms) = preSolution
		Debug|Any CPU = Debug|Any CPU
		Release|Any CPU = Release|Any CPU
	EndGlobalSection
	GlobalSection(ProjectConfigurationPlatforms) = postSolution
		{50A286D7-0171-A76E-AE39-48D257B34AC8}.Debug|Any CPU.ActiveCfg = Debug|Any CPU
		{50A286D7-0171-A76E-AE39-48D257B34AC8}.Debug|Any CPU.Build.0 = Debug|Any CPU
		{50A286D7-0171-A76E-AE39-48D257B34AC8}.Release|Any CPU.ActiveCfg = Release|Any CPU
		{50A286D7-0171-A76E-AE39-48D257B34AC8}.Release|Any CPU.Build.0 = Release|Any CPU
	EndGlobalSection
	GlobalSection(SolutionProperties) = preSolution
		HideSolutionNode = FALSE
	EndGlobalSection
	GlobalSection(ExtensibilityGlobals) = postSolution
		SolutionGuid = {502B02E5-89AC-427E-8F7F-C7BDE62A4439}
	EndGlobalSection
EndGlobal
